
Microsoft Visual Studio Solution File, Format Version 12.00
# Visual Studio Version 17
VisualStudioVersion = 17.6.33815.320
MinimumVisualStudioVersion = 10.0.40219.1
Project("{FAE04EC0-301F-11D3-BF4B-00C04F79EFBC}") = "Connection", "Connection\Connection.csproj", "{5EB75CBE-5F1B-48FF-8009-82027E28BAE9}"
EndProject
Global
	GlobalSection(SolutionConfigurationPlatforms) = preSolution
		Debug|Any CPU = Debug|Any CPU
		Release|Any CPU = Release|Any CPU
	EndGlobalSection
	GlobalSection(ProjectConfigurationPlatforms) = postSolution
		{5EB75CBE-5F1B-48FF-8009-82027E28BAE9}.Debug|Any CPU.ActiveCfg = Debug|Any CPU
		{5EB75CBE-5F1B-48FF-8009-82027E28BAE9}.Debug|Any CPU.Build.0 = Debug|Any CPU
		{5EB75CBE-5F1B-48FF-8009-82027E28BAE9}.Release|Any CPU.ActiveCfg = Release|Any CPU
		{5EB75CBE-5F1B-48FF-8009-82027E28BAE9}.Release|Any CPU.Build.0 = Release|Any CPU
	EndGlobalSection
	GlobalSection(SolutionProperties) = preSolution
		HideSolutionNode = FALSE
	EndGlobalSection
	GlobalSection(ExtensibilityGlobals) = postSolution
		SolutionGuid = {7AE8A7A3-3A09-4D18-B8A3-992C8A5D2B40}
	EndGlobalSection
EndGlobal
